
Microsoft Visual Studio Solution File, Format Version 12.00
# Visual Studio Version 17
VisualStudioVersion = 17.7.34003.232
MinimumVisualStudioVersion = 10.0.40219.1
Project("{FAE04EC0-301F-11D3-BF4B-00C04F79EFBC}") = "Debate2.5", "Debate2.5.csproj", "{9A215D28-DC10-465E-B9FF-38D79EB18B85}"
EndProject
Global
	GlobalSection(SolutionConfigurationPlatforms) = preSolution
		Debug|Any CPU = Debug|Any CPU
		Release|Any CPU = Release|Any CPU
	EndGlobalSection
	GlobalSection(ProjectConfigurationPlatforms) = postSolution
		{9A215D28-DC10-465E-B9FF-38D79EB18B85}.Debug|Any CPU.ActiveCfg = Debug|Any CPU
		{9A215D28-DC10-465E-B9FF-38D79EB18B85}.Debug|Any CPU.Build.0 = Debug|Any CPU
		{9A215D28-DC10-465E-B9FF-38D79EB18B85}.Release|Any CPU.ActiveCfg = Release|Any CPU
		{9A215D28-DC10-465E-B9FF-38D79EB18B85}.Release|Any CPU.Build.0 = Release|Any CPU
	EndGlobalSection
	GlobalSection(SolutionProperties) = preSolution
		HideSolutionNode = FALSE
	EndGlobalSection
	GlobalSection(ExtensibilityGlobals) = postSolution
		SolutionGuid = {A2051918-7784-4ED1-9261-3A7D42A63C46}
	EndGlobalSection
EndGlobal
