
Microsoft Visual Studio Solution File, Format Version 12.00
# Visual Studio Version 17
VisualStudioVersion = 17.7.34003.232
MinimumVisualStudioVersion = 10.0.40219.1
Project("{FAE04EC0-301F-11D3-BF4B-00C04F79EFBC}") = "FormSaludo", "FormSaludo.csproj", "{B6B303CB-E084-4441-904E-E6A47691C91F}"
EndProject
Global
	GlobalSection(SolutionConfigurationPlatforms) = preSolution
		Debug|Any CPU = Debug|Any CPU
		Release|Any CPU = Release|Any CPU
	EndGlobalSection
	GlobalSection(ProjectConfigurationPlatforms) = postSolution
		{B6B303CB-E084-4441-904E-E6A47691C91F}.Debug|Any CPU.ActiveCfg = Debug|Any CPU
		{B6B303CB-E084-4441-904E-E6A47691C91F}.Debug|Any CPU.Build.0 = Debug|Any CPU
		{B6B303CB-E084-4441-904E-E6A47691C91F}.Release|Any CPU.ActiveCfg = Release|Any CPU
		{B6B303CB-E084-4441-904E-E6A47691C91F}.Release|Any CPU.Build.0 = Release|Any CPU
	EndGlobalSection
	GlobalSection(SolutionProperties) = preSolution
		HideSolutionNode = FALSE
	EndGlobalSection
	GlobalSection(ExtensibilityGlobals) = postSolution
		SolutionGuid = {719C84AC-92C8-40EB-99C7-BF51DB5D0385}
	EndGlobalSection
EndGlobal
