
Microsoft Visual Studio Solution File, Format Version 12.00
# Visual Studio Version 17
VisualStudioVersion = 17.7.34003.232
MinimumVisualStudioVersion = 10.0.40219.1
Project("{FAE04EC0-301F-11D3-BF4B-00C04F79EFBC}") = "RepasoPrevioParcial", "RepasoPrevioParcial.csproj", "{1954CD48-F4AE-4180-8FCD-83F56479971B}"
EndProject
Global
	GlobalSection(SolutionConfigurationPlatforms) = preSolution
		Debug|Any CPU = Debug|Any CPU
		Release|Any CPU = Release|Any CPU
	EndGlobalSection
	GlobalSection(ProjectConfigurationPlatforms) = postSolution
		{1954CD48-F4AE-4180-8FCD-83F56479971B}.Debug|Any CPU.ActiveCfg = Debug|Any CPU
		{1954CD48-F4AE-4180-8FCD-83F56479971B}.Debug|Any CPU.Build.0 = Debug|Any CPU
		{1954CD48-F4AE-4180-8FCD-83F56479971B}.Release|Any CPU.ActiveCfg = Release|Any CPU
		{1954CD48-F4AE-4180-8FCD-83F56479971B}.Release|Any CPU.Build.0 = Release|Any CPU
	EndGlobalSection
	GlobalSection(SolutionProperties) = preSolution
		HideSolutionNode = FALSE
	EndGlobalSection
	GlobalSection(ExtensibilityGlobals) = postSolution
		SolutionGuid = {1316095C-FDA2-4623-AFD4-8FDCB8E4A806}
	EndGlobalSection
EndGlobal
