
Microsoft Visual Studio Solution File, Format Version 12.00
# Visual Studio Version 17
VisualStudioVersion = 17.7.34003.232
MinimumVisualStudioVersion = 10.0.40219.1
Project("{FAE04EC0-301F-11D3-BF4B-00C04F79EFBC}") = "Debate 9.1. Matrices. Declaración y carga de datos", "Debate 9.1. Matrices. Declaración y carga de datos.csproj", "{3408DC46-5A2B-40AC-B64E-85765C8D5D24}"
EndProject
Global
	GlobalSection(SolutionConfigurationPlatforms) = preSolution
		Debug|Any CPU = Debug|Any CPU
		Release|Any CPU = Release|Any CPU
	EndGlobalSection
	GlobalSection(ProjectConfigurationPlatforms) = postSolution
		{3408DC46-5A2B-40AC-B64E-85765C8D5D24}.Debug|Any CPU.ActiveCfg = Debug|Any CPU
		{3408DC46-5A2B-40AC-B64E-85765C8D5D24}.Debug|Any CPU.Build.0 = Debug|Any CPU
		{3408DC46-5A2B-40AC-B64E-85765C8D5D24}.Release|Any CPU.ActiveCfg = Release|Any CPU
		{3408DC46-5A2B-40AC-B64E-85765C8D5D24}.Release|Any CPU.Build.0 = Release|Any CPU
	EndGlobalSection
	GlobalSection(SolutionProperties) = preSolution
		HideSolutionNode = FALSE
	EndGlobalSection
	GlobalSection(ExtensibilityGlobals) = postSolution
		SolutionGuid = {84C1D413-6B36-4BA6-8D1C-850BCA61336E}
	EndGlobalSection
EndGlobal
