
Microsoft Visual Studio Solution File, Format Version 12.00
# Visual Studio Version 17
VisualStudioVersion = 17.7.34003.232
MinimumVisualStudioVersion = 10.0.40219.1
Project("{FAE04EC0-301F-11D3-BF4B-00C04F79EFBC}") = "Debate 5.3. Suma de números múltiplos de 2, 5 y 10", "Debate 5.3. Suma de números múltiplos de 2, 5 y 10.csproj", "{7511D0BE-E3F4-40AF-ACBE-93DAEECDFE95}"
EndProject
Global
	GlobalSection(SolutionConfigurationPlatforms) = preSolution
		Debug|Any CPU = Debug|Any CPU
		Release|Any CPU = Release|Any CPU
	EndGlobalSection
	GlobalSection(ProjectConfigurationPlatforms) = postSolution
		{7511D0BE-E3F4-40AF-ACBE-93DAEECDFE95}.Debug|Any CPU.ActiveCfg = Debug|Any CPU
		{7511D0BE-E3F4-40AF-ACBE-93DAEECDFE95}.Debug|Any CPU.Build.0 = Debug|Any CPU
		{7511D0BE-E3F4-40AF-ACBE-93DAEECDFE95}.Release|Any CPU.ActiveCfg = Release|Any CPU
		{7511D0BE-E3F4-40AF-ACBE-93DAEECDFE95}.Release|Any CPU.Build.0 = Release|Any CPU
	EndGlobalSection
	GlobalSection(SolutionProperties) = preSolution
		HideSolutionNode = FALSE
	EndGlobalSection
	GlobalSection(ExtensibilityGlobals) = postSolution
		SolutionGuid = {58F78047-C62A-4C3A-B0D4-EF05E5FBB7D2}
	EndGlobalSection
EndGlobal
