
Microsoft Visual Studio Solution File, Format Version 12.00
# Visual Studio Version 17
VisualStudioVersion = 17.7.34003.232
MinimumVisualStudioVersion = 10.0.40219.1
Project("{FAE04EC0-301F-11D3-BF4B-00C04F79EFBC}") = "WindowsFormsApp1", "WindowsFormsApp1.csproj", "{3770BC60-6C2A-4275-A1E8-0CA54BC310FF}"
EndProject
Global
	GlobalSection(SolutionConfigurationPlatforms) = preSolution
		Debug|Any CPU = Debug|Any CPU
		Release|Any CPU = Release|Any CPU
	EndGlobalSection
	GlobalSection(ProjectConfigurationPlatforms) = postSolution
		{3770BC60-6C2A-4275-A1E8-0CA54BC310FF}.Debug|Any CPU.ActiveCfg = Debug|Any CPU
		{3770BC60-6C2A-4275-A1E8-0CA54BC310FF}.Debug|Any CPU.Build.0 = Debug|Any CPU
		{3770BC60-6C2A-4275-A1E8-0CA54BC310FF}.Release|Any CPU.ActiveCfg = Release|Any CPU
		{3770BC60-6C2A-4275-A1E8-0CA54BC310FF}.Release|Any CPU.Build.0 = Release|Any CPU
	EndGlobalSection
	GlobalSection(SolutionProperties) = preSolution
		HideSolutionNode = FALSE
	EndGlobalSection
	GlobalSection(ExtensibilityGlobals) = postSolution
		SolutionGuid = {5513932E-629D-4C73-97F1-8BA48007FB5F}
	EndGlobalSection
EndGlobal
