
Microsoft Visual Studio Solution File, Format Version 12.00
# Visual Studio Version 17
VisualStudioVersion = 17.7.34003.232
MinimumVisualStudioVersion = 10.0.40219.1
Project("{FAE04EC0-301F-11D3-BF4B-00C04F79EFBC}") = "sp4Ejercicio", "sp4Ejercicio.csproj", "{19BAA876-1FE6-4C51-9D37-A4DC752A291A}"
EndProject
Global
	GlobalSection(SolutionConfigurationPlatforms) = preSolution
		Debug|Any CPU = Debug|Any CPU
		Release|Any CPU = Release|Any CPU
	EndGlobalSection
	GlobalSection(ProjectConfigurationPlatforms) = postSolution
		{19BAA876-1FE6-4C51-9D37-A4DC752A291A}.Debug|Any CPU.ActiveCfg = Debug|Any CPU
		{19BAA876-1FE6-4C51-9D37-A4DC752A291A}.Debug|Any CPU.Build.0 = Debug|Any CPU
		{19BAA876-1FE6-4C51-9D37-A4DC752A291A}.Release|Any CPU.ActiveCfg = Release|Any CPU
		{19BAA876-1FE6-4C51-9D37-A4DC752A291A}.Release|Any CPU.Build.0 = Release|Any CPU
	EndGlobalSection
	GlobalSection(SolutionProperties) = preSolution
		HideSolutionNode = FALSE
	EndGlobalSection
	GlobalSection(ExtensibilityGlobals) = postSolution
		SolutionGuid = {06E95C85-750C-4AFF-98D0-2FA821EC31D2}
	EndGlobalSection
EndGlobal
